
Microsoft Visual Studio Solution File, Format Version 12.00
# Visual Studio Version 16
VisualStudioVersion = 16.0.31005.135
MinimumVisualStudioVersion = 10.0.40219.1
Project("{9A19103F-16F7-4668-BE54-9A1E7A4F7556}") = "OnboardingSIGDB1.API", "OnboardingSIGDB1.API\OnboardingSIGDB1.API.csproj", "{DAE35DD9-B97C-40F6-BC1C-E90E5BD087AE}"
EndProject
Project("{FAE04EC0-301F-11D3-BF4B-00C04F79EFBC}") = "OnboardingSIGDB1.Data", "OnboardingSIGDB1.Data\OnboardingSIGDB1.Data.csproj", "{076C80A2-3444-4785-A8D4-E6A46319D3C4}"
EndProject
Project("{FAE04EC0-301F-11D3-BF4B-00C04F79EFBC}") = "OnboardingSIGDB1.Domain", "OnboardingSIGDB1.Domain\OnboardingSIGDB1.Domain.csproj", "{D1742C4D-3EF8-4F70-9AA8-34A38EF90FA5}"
EndProject
Project("{FAE04EC0-301F-11D3-BF4B-00C04F79EFBC}") = "OnboardingSIGDB1.IOC", "OnboardingSIGDB1.IOC\OnboardingSIGDB1.IOC.csproj", "{71F8BC3D-E9FC-4F1F-8A36-CAD70485FF47}"
EndProject
Global
	GlobalSection(SolutionConfigurationPlatforms) = preSolution
		Debug|Any CPU = Debug|Any CPU
		Release|Any CPU = Release|Any CPU
	EndGlobalSection
	GlobalSection(ProjectConfigurationPlatforms) = postSolution
		{DAE35DD9-B97C-40F6-BC1C-E90E5BD087AE}.Debug|Any CPU.ActiveCfg = Debug|Any CPU
		{DAE35DD9-B97C-40F6-BC1C-E90E5BD087AE}.Debug|Any CPU.Build.0 = Debug|Any CPU
		{DAE35DD9-B97C-40F6-BC1C-E90E5BD087AE}.Release|Any CPU.ActiveCfg = Release|Any CPU
		{DAE35DD9-B97C-40F6-BC1C-E90E5BD087AE}.Release|Any CPU.Build.0 = Release|Any CPU
		{076C80A2-3444-4785-A8D4-E6A46319D3C4}.Debug|Any CPU.ActiveCfg = Debug|Any CPU
		{076C80A2-3444-4785-A8D4-E6A46319D3C4}.Debug|Any CPU.Build.0 = Debug|Any CPU
		{076C80A2-3444-4785-A8D4-E6A46319D3C4}.Release|Any CPU.ActiveCfg = Release|Any CPU
		{076C80A2-3444-4785-A8D4-E6A46319D3C4}.Release|Any CPU.Build.0 = Release|Any CPU
		{D1742C4D-3EF8-4F70-9AA8-34A38EF90FA5}.Debug|Any CPU.ActiveCfg = Debug|Any CPU
		{D1742C4D-3EF8-4F70-9AA8-34A38EF90FA5}.Debug|Any CPU.Build.0 = Debug|Any CPU
		{D1742C4D-3EF8-4F70-9AA8-34A38EF90FA5}.Release|Any CPU.ActiveCfg = Release|Any CPU
		{D1742C4D-3EF8-4F70-9AA8-34A38EF90FA5}.Release|Any CPU.Build.0 = Release|Any CPU
		{71F8BC3D-E9FC-4F1F-8A36-CAD70485FF47}.Debug|Any CPU.ActiveCfg = Debug|Any CPU
		{71F8BC3D-E9FC-4F1F-8A36-CAD70485FF47}.Debug|Any CPU.Build.0 = Debug|Any CPU
		{71F8BC3D-E9FC-4F1F-8A36-CAD70485FF47}.Release|Any CPU.ActiveCfg = Release|Any CPU
		{71F8BC3D-E9FC-4F1F-8A36-CAD70485FF47}.Release|Any CPU.Build.0 = Release|Any CPU
	EndGlobalSection
	GlobalSection(SolutionProperties) = preSolution
		HideSolutionNode = FALSE
	EndGlobalSection
	GlobalSection(ExtensibilityGlobals) = postSolution
		SolutionGuid = {CE8E88AD-660B-428C-AF5E-72AC35B88BAB}
	EndGlobalSection
EndGlobal
